{
  "name": "bus-time",
  "lockfileVersion": 2,
  "requires": true,
  "packages": {
    "": {
      "dependencies": {
        "@types/leaflet.awesome-markers": "^2.0.28"
      }
    },
    "node_modules/@types/geojson": {
      "version": "7946.0.14",
      "resolved": "https://registry.npmjs.org/@types/geojson/-/geojson-7946.0.14.tgz",
      "integrity": "sha512-WCfD5Ht3ZesJUsONdhvm84dmzWOiOzOAqOncN0++w0lBw1o8OuDNJF2McvvCef/yBqb/HYRahp1BYtODFQ8bRg=="
    },
    "node_modules/@types/leaflet": {
      "version": "1.9.14",
      "resolved": "https://registry.npmjs.org/@types/leaflet/-/leaflet-1.9.14.tgz",
      "integrity": "sha512-sx2q6MDJaajwhKeVgPSvqXd8rhNJSTA3tMidQGduZn9S6WBYxDkCpSpV5xXEmSg7Cgdk/5vJGhVF1kMYLzauBg==",
      "dependencies": {
        "@types/geojson": "*"
      }
    },
    "node_modules/@types/leaflet.awesome-markers": {
      "version": "2.0.28",
      "resolved": "https://registry.npmjs.org/@types/leaflet.awesome-markers/-/leaflet.awesome-markers-2.0.28.tgz",
      "integrity": "sha512-weYTpd102+C2elY2LgNYc9PLLKbvqo9762LTeYc9VRCZqcQLabFdWzgozlQp1u71sMoHP13r7gbvIZbPMzhv/Q==",
      "dependencies": {
        "@types/leaflet": "*"
      }
    }
  },
  "dependencies": {
    "@types/geojson": {
      "version": "7946.0.14",
      "resolved": "https://registry.npmjs.org/@types/geojson/-/geojson-7946.0.14.tgz",
      "integrity": "sha512-WCfD5Ht3ZesJUsONdhvm84dmzWOiOzOAqOncN0++w0lBw1o8OuDNJF2McvvCef/yBqb/HYRahp1BYtODFQ8bRg=="
    },
    "@types/leaflet": {
      "version": "1.9.14",
      "resolved": "https://registry.npmjs.org/@types/leaflet/-/leaflet-1.9.14.tgz",
      "integrity": "sha512-sx2q6MDJaajwhKeVgPSvqXd8rhNJSTA3tMidQGduZn9S6WBYxDkCpSpV5xXEmSg7Cgdk/5vJGhVF1kMYLzauBg==",
      "requires": {
        "@types/geojson": "*"
      }
    },
    "@types/leaflet.awesome-markers": {
      "version": "2.0.28",
      "resolved": "https://registry.npmjs.org/@types/leaflet.awesome-markers/-/leaflet.awesome-markers-2.0.28.tgz",
      "integrity": "sha512-weYTpd102+C2elY2LgNYc9PLLKbvqo9762LTeYc9VRCZqcQLabFdWzgozlQp1u71sMoHP13r7gbvIZbPMzhv/Q==",
      "requires": {
        "@types/leaflet": "*"
      }
    }
  }
}
